
Microsoft Visual Studio Solution File, Format Version 12.00
# Visual Studio Version 17
VisualStudioVersion = 17.8.34511.84
MinimumVisualStudioVersion = 10.0.40219.1
Project("{9A19103F-16F7-4668-BE54-9A1E7A4F7556}") = "ZombieInvasionMod", "ZombieInvasionMod.csproj", "{D2AD71EF-C5A9-4A73-ACF7-5F85B7494AC2}"
EndProject
Global
	GlobalSection(SolutionConfigurationPlatforms) = preSolution
		Debug|Any CPU = Debug|Any CPU
		Release|Any CPU = Release|Any CPU
	EndGlobalSection
	GlobalSection(ProjectConfigurationPlatforms) = postSolution
		{D2AD71EF-C5A9-4A73-ACF7-5F85B7494AC2}.Debug|Any CPU.ActiveCfg = Debug|Any CPU
		{D2AD71EF-C5A9-4A73-ACF7-5F85B7494AC2}.Debug|Any CPU.Build.0 = Debug|Any CPU
		{D2AD71EF-C5A9-4A73-ACF7-5F85B7494AC2}.Release|Any CPU.ActiveCfg = Release|Any CPU
		{D2AD71EF-C5A9-4A73-ACF7-5F85B7494AC2}.Release|Any CPU.Build.0 = Release|Any CPU
	EndGlobalSection
	GlobalSection(SolutionProperties) = preSolution
		HideSolutionNode = FALSE
	EndGlobalSection
	GlobalSection(ExtensibilityGlobals) = postSolution
		SolutionGuid = {90333F14-6CB2-4712-980D-F277980B2DAF}
	EndGlobalSection
EndGlobal
